
Microsoft Visual Studio Solution File, Format Version 12.00
# Visual Studio Version 17
VisualStudioVersion = 17.13.35825.156
MinimumVisualStudioVersion = 10.0.40219.1
Project("{FAE04EC0-301F-11D3-BF4B-00C04F79EFBC}") = "Student_Hostel_Management_System", "Student_Hostel_Management_System\Student_Hostel_Management_System.csproj", "{D3EC0FED-85D6-463A-9CBA-4B81CF9CAA0F}"
EndProject
Global
	GlobalSection(SolutionConfigurationPlatforms) = preSolution
		Debug|Any CPU = Debug|Any CPU
		Release|Any CPU = Release|Any CPU
	EndGlobalSection
	GlobalSection(ProjectConfigurationPlatforms) = postSolution
		{D3EC0FED-85D6-463A-9CBA-4B81CF9CAA0F}.Debug|Any CPU.ActiveCfg = Debug|Any CPU
		{D3EC0FED-85D6-463A-9CBA-4B81CF9CAA0F}.Debug|Any CPU.Build.0 = Debug|Any CPU
		{D3EC0FED-85D6-463A-9CBA-4B81CF9CAA0F}.Release|Any CPU.ActiveCfg = Release|Any CPU
		{D3EC0FED-85D6-463A-9CBA-4B81CF9CAA0F}.Release|Any CPU.Build.0 = Release|Any CPU
	EndGlobalSection
	GlobalSection(SolutionProperties) = preSolution
		HideSolutionNode = FALSE
	EndGlobalSection
	GlobalSection(ExtensibilityGlobals) = postSolution
		SolutionGuid = {5A797F5A-DBCA-489B-B8F3-17B8BBF51A6F}
	EndGlobalSection
EndGlobal
